{
  "name": "join-mongo",
  "version": "0.1.0",
  "lockfileVersion": 1,
  "requires": true,
  "dependencies": {
    "graphql-list-fields": {
      "version": "2.0.0",
      "resolved": "https://registry.npmjs.org/graphql-list-fields/-/graphql-list-fields-2.0.0.tgz",
      "integrity": "sha512-xT9OlNiYz+FVmQ/WmE1aVsW+LCz0Riamkmgdl4Yv14ebKMogLz7jsoeFeS0VAShYUhSMzt0lfFin1Pcdrte0tQ=="
    }
  }
}
